<?xml version="1.0" encoding="utf-8"?>
<Project ToolsVersion="4.0" xmlns="http://schemas.microsoft.com/developer/msbuild/2003">
  <ItemGroup>
    <Filter Include="Source Files">
      <UniqueIdentifier>{4FC737F1-C7A5-4376-A066-2A32D752A2FF}</UniqueIdentifier>
      <Extensions>cpp;c;cc;cxx;c++;cppm;ixx;def;odl;idl;hpj;bat;asm;asmx</Extensions>
    </Filter>
    <Filter Include="Header Files">
      <UniqueIdentifier>{93995380-89BD-4b04-88EB-625FBE52EBFB}</UniqueIdentifier>
      <Extensions>h;hh;hpp;hxx;h++;hm;inl;inc;ipp;xsd</Extensions>
    </Filter>
    <Filter Include="Resource Files">
      <UniqueIdentifier>{67DA6AB6-F800-4c08-8B7A-83BB121AAD01}</UniqueIdentifier>
      <Extensions>rc;ico;cur;bmp;dlg;rc2;rct;bin;rgs;gif;jpg;jpeg;jpe;resx;tiff;tif;png;wav;mfcribbon-ms</Extensions>
    </Filter>
    <Filter Include="Header Files\Instruction Set">
      <UniqueIdentifier>{c1128710-fdb1-4d84-9cef-cf9a240e41ec}</UniqueIdentifier>
    </Filter>
  </ItemGroup>
  <ItemGroup>
    <ClInclude Include="register.h">
      <Filter>Header Files</Filter>
    </ClInclude>
    <ClInclude Include="parser.h">
      <Filter>Header Files</Filter>
    </ClInclude>
    <ClInclude Include="constants.h">
      <Filter>Header Files</Filter>
    </ClInclude>
    <ClInclude Include="mod_rm.h">
      <Filter>Header Files</Filter>
    </ClInclude>
    <ClInclude Include="typedef.h">
      <Filter>Header Files</Filter>
    </ClInclude>
    <ClInclude Include="utility.h">
      <Filter>Header Files</Filter>
    </ClInclude>
    <ClInclude Include="operands.h">
      <Filter>Header Files</Filter>
    </ClInclude>
    <ClInclude Include="error_handler.h">
      <Filter>Header Files</Filter>
    </ClInclude>
    <ClInclude Include="converter.h">
      <Filter>Header Files</Filter>
    </ClInclude>
    <ClInclude Include="8086.h">
      <Filter>Header Files</Filter>
    </ClInclude>
    <ClInclude Include="memory.h">
      <Filter>Header Files</Filter>
    </ClInclude>
    <ClInclude Include="hex_size.h">
      <Filter>Header Files</Filter>
    </ClInclude>
    <ClInclude Include="instruction.h">
      <Filter>Header Files</Filter>
    </ClInclude>
    <ClInclude Include="program_loader.h">
      <Filter>Header Files</Filter>
    </ClInclude>
    <ClInclude Include="mov.h">
      <Filter>Header Files\Instruction Set</Filter>
    </ClInclude>
    <ClInclude Include="instruction_set.h">
      <Filter>Header Files</Filter>
    </ClInclude>
    <ClInclude Include="add_adc.h">
      <Filter>Header Files\Instruction Set</Filter>
    </ClInclude>
    <ClInclude Include="sub_sbb.h">
      <Filter>Header Files\Instruction Set</Filter>
    </ClInclude>
    <ClInclude Include="mul_imul.h">
      <Filter>Header Files\Instruction Set</Filter>
    </ClInclude>
    <ClInclude Include="div_idiv.h">
      <Filter>Header Files\Instruction Set</Filter>
    </ClInclude>
    <ClInclude Include="and_or_xor.h">
      <Filter>Header Files\Instruction Set</Filter>
    </ClInclude>
    <ClInclude Include="cmp.h">
      <Filter>Header Files\Instruction Set</Filter>
    </ClInclude>
    <ClInclude Include="neg.h">
      <Filter>Header Files\Instruction Set</Filter>
    </ClInclude>
    <ClInclude Include="not.h">
      <Filter>Header Files\Instruction Set</Filter>
    </ClInclude>
    <ClInclude Include="dec.h">
      <Filter>Header Files\Instruction Set</Filter>
    </ClInclude>
    <ClInclude Include="inc.h">
      <Filter>Header Files\Instruction Set</Filter>
    </ClInclude>
    <ClInclude Include="daa.h">
      <Filter>Header Files\Instruction Set</Filter>
    </ClInclude>
    <ClInclude Include="shl_sal.h">
      <Filter>Header Files\Instruction Set</Filter>
    </ClInclude>
    <ClInclude Include="shr.h">
      <Filter>Header Files\Instruction Set</Filter>
    </ClInclude>
    <ClInclude Include="sar.h">
      <Filter>Header Files\Instruction Set</Filter>
    </ClInclude>
    <ClInclude Include="rcl.h">
      <Filter>Header Files\Instruction Set</Filter>
    </ClInclude>
    <ClInclude Include="rcr.h">
      <Filter>Header Files\Instruction Set</Filter>
    </ClInclude>
    <ClInclude Include="rol.h">
      <Filter>Header Files\Instruction Set</Filter>
    </ClInclude>
    <ClInclude Include="ror.h">
      <Filter>Header Files\Instruction Set</Filter>
    </ClInclude>
    <ClInclude Include="carry_manipulators.h">
      <Filter>Header Files\Instruction Set</Filter>
    </ClInclude>
    <ClInclude Include="xchg.h">
      <Filter>Header Files\Instruction Set</Filter>
    </ClInclude>
    <ClInclude Include="hlt.h">
      <Filter>Header Files\Instruction Set</Filter>
    </ClInclude>
    <ClInclude Include="labels.h">
      <Filter>Header Files</Filter>
    </ClInclude>
    <ClInclude Include="jump.h">
      <Filter>Header Files\Instruction Set</Filter>
    </ClInclude>
    <ClInclude Include="subroutine.h">
      <Filter>Header Files\Instruction Set</Filter>
    </ClInclude>
    <ClInclude Include="Simulator.h">
      <Filter>Header Files</Filter>
    </ClInclude>
    <ClInclude Include="MainFrame.h">
      <Filter>Header Files</Filter>
    </ClInclude>
    <ClInclude Include="run.h">
      <Filter>Header Files</Filter>
    </ClInclude>
    <ClInclude Include="loops.h">
      <Filter>Header Files\Instruction Set</Filter>
    </ClInclude>
    <ClInclude Include="time_manager.h">
      <Filter>Header Files</Filter>
    </ClInclude>
  </ItemGroup>
  <ItemGroup>
    <ClCompile Include="Simulator.cpp">
      <Filter>Source Files</Filter>
    </ClCompile>
    <ClCompile Include="MainFrame.cpp">
      <Filter>Source Files</Filter>
    </ClCompile>
  </ItemGroup>
  <ItemGroup>
    <Text Include="test.txt">
      <Filter>Resource Files</Filter>
    </Text>
    <Text Include="MACHINE_CODE.txt">
      <Filter>Resource Files</Filter>
    </Text>
  </ItemGroup>
  <ItemGroup>
    <None Include="ABOUT.html">
      <Filter>Resource Files</Filter>
    </None>
  </ItemGroup>
</Project>